
Microsoft Visual Studio Solution File, Format Version 12.00
# Visual Studio Version 17
VisualStudioVersion = 17.6.33815.320
MinimumVisualStudioVersion = 10.0.40219.1
Project("{FAE04EC0-301F-11D3-BF4B-00C04F79EFBC}") = "CADDB", "CADDB\CADDB.csproj", "{31086E5F-6D3D-4E38-A479-7D3361AABF9D}"
EndProject
Global
	GlobalSection(SolutionConfigurationPlatforms) = preSolution
		Debug|Any CPU = Debug|Any CPU
		Debug|x64 = Debug|x64
		Release|Any CPU = Release|Any CPU
		Release|x64 = Release|x64
	EndGlobalSection
	GlobalSection(ProjectConfigurationPlatforms) = postSolution
		{31086E5F-6D3D-4E38-A479-7D3361AABF9D}.Debug|Any CPU.ActiveCfg = Debug|Any CPU
		{31086E5F-6D3D-4E38-A479-7D3361AABF9D}.Debug|Any CPU.Build.0 = Debug|Any CPU
		{31086E5F-6D3D-4E38-A479-7D3361AABF9D}.Debug|x64.ActiveCfg = Debug|x64
		{31086E5F-6D3D-4E38-A479-7D3361AABF9D}.Debug|x64.Build.0 = Debug|x64
		{31086E5F-6D3D-4E38-A479-7D3361AABF9D}.Release|Any CPU.ActiveCfg = Release|Any CPU
		{31086E5F-6D3D-4E38-A479-7D3361AABF9D}.Release|Any CPU.Build.0 = Release|Any CPU
		{31086E5F-6D3D-4E38-A479-7D3361AABF9D}.Release|x64.ActiveCfg = Release|x64
		{31086E5F-6D3D-4E38-A479-7D3361AABF9D}.Release|x64.Build.0 = Release|x64
	EndGlobalSection
	GlobalSection(SolutionProperties) = preSolution
		HideSolutionNode = FALSE
	EndGlobalSection
	GlobalSection(ExtensibilityGlobals) = postSolution
		SolutionGuid = {0036DA60-95D9-4AC4-8A48-CA1A6E098F05}
	EndGlobalSection
EndGlobal
